<?xml version="1.0" encoding="utf-8"?>
<Project ToolsVersion="4.0" xmlns="http://schemas.microsoft.com/developer/msbuild/2003">
  <ItemGroup>
    <Filter Include="Source Files">
      <UniqueIdentifier>{4FC737F1-C7A5-4376-A066-2A32D752A2FF}</UniqueIdentifier>
      <Extensions>cpp;c;cc;cxx;def;odl;idl;hpj;bat;asm;asmx</Extensions>
    </Filter>
  </ItemGroup>
  <ItemGroup>
    <ClCompile Include="..\sndrender\saa1099.cpp">
      <Filter>Source Files</Filter>
    </ClCompile>
    <ClCompile Include="..\sndrender\sndbuffer.cpp">
      <Filter>Source Files</Filter>
    </ClCompile>
    <ClCompile Include="..\sndrender\sndchip.cpp">
      <Filter>Source Files</Filter>
    </ClCompile>
    <ClCompile Include="..\sndrender\sndcounter.cpp">
      <Filter>Source Files</Filter>
    </ClCompile>
    <ClCompile Include="..\sndrender\sndrender.cpp">
      <Filter>Source Files</Filter>
    </ClCompile>
  </ItemGroup>
  <ItemGroup>
    <ClInclude Include="..\sndrender\saa1099.h">
      <Filter>Source Files</Filter>
    </ClInclude>
    <ClInclude Include="..\sndrender\sndbuffer.h">
      <Filter>Source Files</Filter>
    </ClInclude>
    <ClInclude Include="..\sndrender\sndchip.h">
      <Filter>Source Files</Filter>
    </ClInclude>
    <ClInclude Include="..\sndrender\sndcounter.h">
      <Filter>Source Files</Filter>
    </ClInclude>
    <ClInclude Include="..\sndrender\sndrender.h">
      <Filter>Source Files</Filter>
    </ClInclude>
  </ItemGroup>
</Project>