
Microsoft Visual Studio Solution File, Format Version 12.00
# Visual Studio 14
VisualStudioVersion = 14.0.25420.1
MinimumVisualStudioVersion = 10.0.40219.1
Project("{8BC9CEB8-8B4A-11D0-8D11-00A0C91BC942}") = "unreal", "unreal.vcxproj", "{C6001C32-3C0E-43EA-9665-BC26872A4B11}"
EndProject
Project("{8BC9CEB8-8B4A-11D0-8D11-00A0C91BC942}") = "z80", "z80.vcxproj", "{72B23501-7F3F-4ADE-BA9E-3BEA8AD74DC8}"
EndProject
Project("{8BC9CEB8-8B4A-11D0-8D11-00A0C91BC942}") = "snd", "snd.vcxproj", "{D83EF518-4C10-46B6-8A64-138CEF801212}"
EndProject
Global
	GlobalSection(SolutionConfigurationPlatforms) = preSolution
		Debug|x64 = Debug|x64
		Debug|x86 = Debug|x86
		Release|x64 = Release|x64
		Release|x86 = Release|x86
	EndGlobalSection
	GlobalSection(ProjectConfigurationPlatforms) = postSolution
		{C6001C32-3C0E-43EA-9665-BC26872A4B11}.Debug|x64.ActiveCfg = Debug|x64
		{C6001C32-3C0E-43EA-9665-BC26872A4B11}.Debug|x64.Build.0 = Debug|x64
		{C6001C32-3C0E-43EA-9665-BC26872A4B11}.Debug|x86.ActiveCfg = Debug|Win32
		{C6001C32-3C0E-43EA-9665-BC26872A4B11}.Debug|x86.Build.0 = Debug|Win32
		{C6001C32-3C0E-43EA-9665-BC26872A4B11}.Release|x64.ActiveCfg = Release|x64
		{C6001C32-3C0E-43EA-9665-BC26872A4B11}.Release|x64.Build.0 = Release|x64
		{C6001C32-3C0E-43EA-9665-BC26872A4B11}.Release|x86.ActiveCfg = Release|Win32
		{C6001C32-3C0E-43EA-9665-BC26872A4B11}.Release|x86.Build.0 = Release|Win32
		{72B23501-7F3F-4ADE-BA9E-3BEA8AD74DC8}.Debug|x64.ActiveCfg = Debug|x64
		{72B23501-7F3F-4ADE-BA9E-3BEA8AD74DC8}.Debug|x64.Build.0 = Debug|x64
		{72B23501-7F3F-4ADE-BA9E-3BEA8AD74DC8}.Debug|x86.ActiveCfg = Debug|Win32
		{72B23501-7F3F-4ADE-BA9E-3BEA8AD74DC8}.Debug|x86.Build.0 = Debug|Win32
		{72B23501-7F3F-4ADE-BA9E-3BEA8AD74DC8}.Release|x64.ActiveCfg = Release|x64
		{72B23501-7F3F-4ADE-BA9E-3BEA8AD74DC8}.Release|x64.Build.0 = Release|x64
		{72B23501-7F3F-4ADE-BA9E-3BEA8AD74DC8}.Release|x86.ActiveCfg = Release|Win32
		{72B23501-7F3F-4ADE-BA9E-3BEA8AD74DC8}.Release|x86.Build.0 = Release|Win32
		{D83EF518-4C10-46B6-8A64-138CEF801212}.Debug|x64.ActiveCfg = Debug|x64
		{D83EF518-4C10-46B6-8A64-138CEF801212}.Debug|x64.Build.0 = Debug|x64
		{D83EF518-4C10-46B6-8A64-138CEF801212}.Debug|x86.ActiveCfg = Debug|Win32
		{D83EF518-4C10-46B6-8A64-138CEF801212}.Debug|x86.Build.0 = Debug|Win32
		{D83EF518-4C10-46B6-8A64-138CEF801212}.Release|x64.ActiveCfg = Release|x64
		{D83EF518-4C10-46B6-8A64-138CEF801212}.Release|x64.Build.0 = Release|x64
		{D83EF518-4C10-46B6-8A64-138CEF801212}.Release|x86.ActiveCfg = Release|Win32
		{D83EF518-4C10-46B6-8A64-138CEF801212}.Release|x86.Build.0 = Release|Win32
	EndGlobalSection
	GlobalSection(SolutionProperties) = preSolution
		HideSolutionNode = FALSE
	EndGlobalSection
EndGlobal
